
Microsoft Visual Studio Solution File, Format Version 12.00
# Visual Studio Version 17
VisualStudioVersion = 17.14.36518.9
MinimumVisualStudioVersion = 10.0.40219.1
Project("{FAE04EC0-301F-11D3-BF4B-00C04F79EFBC}") = "PodcastGrupparbete", "PodcastGrupparbete\PodcastGrupparbete.csproj", "{53348426-87FF-4D9B-BED9-59DB55C54727}"
EndProject
Project("{FAE04EC0-301F-11D3-BF4B-00C04F79EFBC}") = "BL_affarsLager", "BL\BL_affarsLager.csproj", "{78DCBBA6-9576-484D-AB50-5FB1ED307A48}"
EndProject
Project("{FAE04EC0-301F-11D3-BF4B-00C04F79EFBC}") = "DAL_dataAtkomstLager", "DAL\DAL_dataAtkomstLager.csproj", "{16500895-85E7-4578-AD82-78F1E0183478}"
EndProject
Project("{FAE04EC0-301F-11D3-BF4B-00C04F79EFBC}") = "Models", "Models\Models.csproj", "{73A92873-49EF-42A1-AC90-60C490CF72CE}"
EndProject
Project("{FAE04EC0-301F-11D3-BF4B-00C04F79EFBC}") = "PL_presentationsLager", "PodcastGrupparbete\PL_presentationsLager.csproj", "{D4826346-BBCB-8EF4-5706-4A158F986524}"
EndProject
Global
	GlobalSection(SolutionConfigurationPlatforms) = preSolution
		Debug|Any CPU = Debug|Any CPU
		Release|Any CPU = Release|Any CPU
	EndGlobalSection
	GlobalSection(ProjectConfigurationPlatforms) = postSolution
		{53348426-87FF-4D9B-BED9-59DB55C54727}.Debug|Any CPU.ActiveCfg = Debug|Any CPU
		{53348426-87FF-4D9B-BED9-59DB55C54727}.Debug|Any CPU.Build.0 = Debug|Any CPU
		{53348426-87FF-4D9B-BED9-59DB55C54727}.Release|Any CPU.ActiveCfg = Release|Any CPU
		{53348426-87FF-4D9B-BED9-59DB55C54727}.Release|Any CPU.Build.0 = Release|Any CPU
		{78DCBBA6-9576-484D-AB50-5FB1ED307A48}.Debug|Any CPU.ActiveCfg = Debug|Any CPU
		{78DCBBA6-9576-484D-AB50-5FB1ED307A48}.Debug|Any CPU.Build.0 = Debug|Any CPU
		{78DCBBA6-9576-484D-AB50-5FB1ED307A48}.Release|Any CPU.ActiveCfg = Release|Any CPU
		{78DCBBA6-9576-484D-AB50-5FB1ED307A48}.Release|Any CPU.Build.0 = Release|Any CPU
		{16500895-85E7-4578-AD82-78F1E0183478}.Debug|Any CPU.ActiveCfg = Debug|Any CPU
		{16500895-85E7-4578-AD82-78F1E0183478}.Debug|Any CPU.Build.0 = Debug|Any CPU
		{16500895-85E7-4578-AD82-78F1E0183478}.Release|Any CPU.ActiveCfg = Release|Any CPU
		{16500895-85E7-4578-AD82-78F1E0183478}.Release|Any CPU.Build.0 = Release|Any CPU
		{73A92873-49EF-42A1-AC90-60C490CF72CE}.Debug|Any CPU.ActiveCfg = Debug|Any CPU
		{73A92873-49EF-42A1-AC90-60C490CF72CE}.Debug|Any CPU.Build.0 = Debug|Any CPU
		{73A92873-49EF-42A1-AC90-60C490CF72CE}.Release|Any CPU.ActiveCfg = Release|Any CPU
		{73A92873-49EF-42A1-AC90-60C490CF72CE}.Release|Any CPU.Build.0 = Release|Any CPU
		{D4826346-BBCB-8EF4-5706-4A158F986524}.Debug|Any CPU.ActiveCfg = Debug|Any CPU
		{D4826346-BBCB-8EF4-5706-4A158F986524}.Debug|Any CPU.Build.0 = Debug|Any CPU
		{D4826346-BBCB-8EF4-5706-4A158F986524}.Release|Any CPU.ActiveCfg = Release|Any CPU
		{D4826346-BBCB-8EF4-5706-4A158F986524}.Release|Any CPU.Build.0 = Release|Any CPU
	EndGlobalSection
	GlobalSection(SolutionProperties) = preSolution
		HideSolutionNode = FALSE
	EndGlobalSection
	GlobalSection(ExtensibilityGlobals) = postSolution
		SolutionGuid = {DFBB01EB-B686-4A1F-9C4E-A4790A93AC63}
	EndGlobalSection
EndGlobal
